
Microsoft Visual Studio Solution File, Format Version 12.00
# Visual Studio Version 16
VisualStudioVersion = 16.0.31529.145
MinimumVisualStudioVersion = 10.0.40219.1
Project("{FAE04EC0-301F-11D3-BF4B-00C04F79EFBC}") = "01 - ESTRUTURADOPROGRAMA", "01 - ESTRUTURADOPROGRAMA\01 - ESTRUTURADOPROGRAMA.csproj", "{DC12D044-5F3A-4530-8B6A-21760CE63BE6}"
EndProject
Global
	GlobalSection(SolutionConfigurationPlatforms) = preSolution
		Debug|Any CPU = Debug|Any CPU
		Release|Any CPU = Release|Any CPU
	EndGlobalSection
	GlobalSection(ProjectConfigurationPlatforms) = postSolution
		{DC12D044-5F3A-4530-8B6A-21760CE63BE6}.Debug|Any CPU.ActiveCfg = Debug|Any CPU
		{DC12D044-5F3A-4530-8B6A-21760CE63BE6}.Debug|Any CPU.Build.0 = Debug|Any CPU
		{DC12D044-5F3A-4530-8B6A-21760CE63BE6}.Release|Any CPU.ActiveCfg = Release|Any CPU
		{DC12D044-5F3A-4530-8B6A-21760CE63BE6}.Release|Any CPU.Build.0 = Release|Any CPU
	EndGlobalSection
	GlobalSection(SolutionProperties) = preSolution
		HideSolutionNode = FALSE
	EndGlobalSection
	GlobalSection(ExtensibilityGlobals) = postSolution
		SolutionGuid = {BE630CB6-B5BD-4D07-9A54-0CFE3A44FC61}
	EndGlobalSection
EndGlobal
